version = 1
revision = 3
requires-python = ">=3.13"

[[package]]
name = "grpcio"
version = "1.76.0"
source = { registry = "https://pypi.org/simple" }
dependencies = [
    { name = "typing-extensions" },
]
sdist = { url = "https://files.pythonhosted.org/packages/b6/e0/318c1ce3ae5a17894d5791e87aea147587c9e702f24122cc7a5c8bbaeeb1/grpcio-1.76.0.tar.gz", hash = "sha256:7be78388d6da1a25c0d5ec506523db58b18be22d9c37d8d3a32c08be4987bd73", size = 12785182, upload-time = "2025-10-21T16:23:12.106Z" }
wheels = [
    { url = "https://files.pythonhosted.org/packages/fc/ed/71467ab770effc9e8cef5f2e7388beb2be26ed642d567697bb103a790c72/grpcio-1.76.0-cp313-cp313-linux_armv7l.whl", hash = "sha256:26ef06c73eb53267c2b319f43e6634c7556ea37672029241a056629af27c10e2", size = 5807716, upload-time = "2025-10-21T16:21:48.475Z" },
    { url = "https://files.pythonhosted.org/packages/2c/85/c6ed56f9817fab03fa8a111ca91469941fb514e3e3ce6d793cb8f1e1347b/grpcio-1.76.0-cp313-cp313-macosx_11_0_universal2.whl", hash = "sha256:45e0111e73f43f735d70786557dc38141185072d7ff8dc1829d6a77ac1471468", size = 11821522, upload-time = "2025-10-21T16:21:51.142Z" },
    { url = "https://files.pythonhosted.org/packages/ac/31/2b8a235ab40c39cbc141ef647f8a6eb7b0028f023015a4842933bc0d6831/grpcio-1.76.0-cp313-cp313-manylinux2014_aarch64.manylinux_2_17_aarch64.whl", hash = "sha256:83d57312a58dcfe2a3a0f9d1389b299438909a02db60e2f2ea2ae2d8034909d3", size = 6362558, upload-time = "2025-10-21T16:21:54.213Z" },
    { url = "https://files.pythonhosted.org/packages/bd/64/9784eab483358e08847498ee56faf8ff6ea8e0a4592568d9f68edc97e9e9/grpcio-1.76.0-cp313-cp313-manylinux2014_i686.manylinux_2_17_i686.whl", hash = "sha256:3e2a27c89eb9ac3d81ec8835e12414d73536c6e620355d65102503064a4ed6eb", size = 7049990, upload-time = "2025-10-21T16:21:56.476Z" },
    { url = "https://files.pythonhosted.org/packages/2b/94/8c12319a6369434e7a184b987e8e9f3b49a114c489b8315f029e24de4837/grpcio-1.76.0-cp313-cp313-manylinux2014_x86_64.manylinux_2_17_x86_64.whl", hash = "sha256:61f69297cba3950a524f61c7c8ee12e55c486cb5f7db47ff9dcee33da6f0d3ae", size = 6575387, upload-time = "2025-10-21T16:21:59.051Z" },
    { url = "https://files.pythonhosted.org/packages/15/0f/f12c32b03f731f4a6242f771f63039df182c8b8e2cf8075b245b409259d4/grpcio-1.76.0-cp313-cp313-musllinux_1_2_aarch64.whl", hash = "sha256:6a15c17af8839b6801d554263c546c69c4d7718ad4321e3166175b37eaacca77", size = 7166668, upload-time = "2025-10-21T16:22:02.049Z" },
    { url = "https://files.pythonhosted.org/packages/ff/2d/3ec9ce0c2b1d92dd59d1c3264aaec9f0f7c817d6e8ac683b97198a36ed5a/grpcio-1.76.0-cp313-cp313-musllinux_1_2_i686.whl", hash = "sha256:25a18e9810fbc7e7f03ec2516addc116a957f8cbb8cbc95ccc80faa072743d03", size = 8124928, upload-time = "2025-10-21T16:22:04.984Z" },
    { url = "https://files.pythonhosted.org/packages/1a/74/fd3317be5672f4856bcdd1a9e7b5e17554692d3db9a3b273879dc02d657d/grpcio-1.76.0-cp313-cp313-musllinux_1_2_x86_64.whl", hash = "sha256:931091142fd8cc14edccc0845a79248bc155425eee9a98b2db2ea4f00a235a42", size = 7589983, upload-time = "2025-10-21T16:22:07.881Z" },
    { url = "https://files.pythonhosted.org/packages/45/bb/ca038cf420f405971f19821c8c15bcbc875505f6ffadafe9ffd77871dc4c/grpcio-1.76.0-cp313-cp313-win32.whl", hash = "sha256:5e8571632780e08526f118f74170ad8d50fb0a48c23a746bef2a6ebade3abd6f", size = 3984727, upload-time = "2025-10-21T16:22:10.032Z" },
    { url = "https://files.pythonhosted.org/packages/41/80/84087dc56437ced7cdd4b13d7875e7439a52a261e3ab4e06488ba6173b0a/grpcio-1.76.0-cp313-cp313-win_amd64.whl", hash = "sha256:f9f7bd5faab55f47231ad8dba7787866b69f5e93bc306e3915606779bbfb4ba8", size = 4702799, upload-time = "2025-10-21T16:22:12.709Z" },
    { url = "https://files.pythonhosted.org/packages/b4/46/39adac80de49d678e6e073b70204091e76631e03e94928b9ea4ecf0f6e0e/grpcio-1.76.0-cp314-cp314-linux_armv7l.whl", hash = "sha256:ff8a59ea85a1f2191a0ffcc61298c571bc566332f82e5f5be1b83c9d8e668a62", size = 5808417, upload-time = "2025-10-21T16:22:15.02Z" },
    { url = "https://files.pythonhosted.org/packages/9c/f5/a4531f7fb8b4e2a60b94e39d5d924469b7a6988176b3422487be61fe2998/grpcio-1.76.0-cp314-cp314-macosx_11_0_universal2.whl", hash = "sha256:06c3d6b076e7b593905d04fdba6a0525711b3466f43b3400266f04ff735de0cd", size = 11828219, upload-time = "2025-10-21T16:22:17.954Z" },
    { url = "https://files.pythonhosted.org/packages/4b/1c/de55d868ed7a8bd6acc6b1d6ddc4aa36d07a9f31d33c912c804adb1b971b/grpcio-1.76.0-cp314-cp314-manylinux2014_aarch64.manylinux_2_17_aarch64.whl", hash = "sha256:fd5ef5932f6475c436c4a55e4336ebbe47bd3272be04964a03d316bbf4afbcbc", size = 6367826, upload-time = "2025-10-21T16:22:20.721Z" },
    { url = "https://files.pythonhosted.org/packages/59/64/99e44c02b5adb0ad13ab3adc89cb33cb54bfa90c74770f2607eea629b86f/grpcio-1.76.0-cp314-cp314-manylinux2014_i686.manylinux_2_17_i686.whl", hash = "sha256:b331680e46239e090f5b3cead313cc772f6caa7d0fc8de349337563125361a4a", size = 7049550, upload-time = "2025-10-21T16:22:23.637Z" },
    { url = "https://files.pythonhosted.org/packages/43/28/40a5be3f9a86949b83e7d6a2ad6011d993cbe9b6bd27bea881f61c7788b6/grpcio-1.76.0-cp314-cp314-manylinux2014_x86_64.manylinux_2_17_x86_64.whl", hash = "sha256:2229ae655ec4e8999599469559e97630185fdd53ae1e8997d147b7c9b2b72cba", size = 6575564, upload-time = "2025-10-21T16:22:26.016Z" },
    { url = "https://files.pythonhosted.org/packages/4b/a9/1be18e6055b64467440208a8559afac243c66a8b904213af6f392dc2212f/grpcio-1.76.0-cp314-cp314-musllinux_1_2_aarch64.whl", hash = "sha256:490fa6d203992c47c7b9e4a9d39003a0c2bcc1c9aa3c058730884bbbb0ee9f09", size = 7176236, upload-time = "2025-10-21T16:22:28.362Z" },
    { url = "https://files.pythonhosted.org/packages/0f/55/dba05d3fcc151ce6e81327541d2cc8394f442f6b350fead67401661bf041/grpcio-1.76.0-cp314-cp314-musllinux_1_2_i686.whl", hash = "sha256:479496325ce554792dba6548fae3df31a72cef7bad71ca2e12b0e58f9b336bfc", size = 8125795, upload-time = "2025-10-21T16:22:31.075Z" },
    { url = "https://files.pythonhosted.org/packages/4a/45/122df922d05655f63930cf42c9e3f72ba20aadb26c100ee105cad4ce4257/grpcio-1.76.0-cp314-cp314-musllinux_1_2_x86_64.whl", hash = "sha256:1c9b93f79f48b03ada57ea24725d83a30284a012ec27eab2cf7e50a550cbbbcc", size = 7592214, upload-time = "2025-10-21T16:22:33.831Z" },
    { url = "https://files.pythonhosted.org/packages/4a/6e/0b899b7f6b66e5af39e377055fb4a6675c9ee28431df5708139df2e93233/grpcio-1.76.0-cp314-cp314-win32.whl", hash = "sha256:747fa73efa9b8b1488a95d0ba1039c8e2dca0f741612d80415b1e1c560febf4e", size = 4062961, upload-time = "2025-10-21T16:22:36.468Z" },
    { url = "https://files.pythonhosted.org/packages/19/41/0b430b01a2eb38ee887f88c1f07644a1df8e289353b78e82b37ef988fb64/grpcio-1.76.0-cp314-cp314-win_amd64.whl", hash = "sha256:922fa70ba549fce362d2e2871ab542082d66e2aaf0c19480ea453905b01f384e", size = 4834462, upload-time = "2025-10-21T16:22:39.772Z" },
]

[[package]]
name = "grpcio-reflection"
version = "1.76.0"
source = { registry = "https://pypi.org/simple" }
dependencies = [
    { name = "grpcio" },
    { name = "protobuf" },
]
sdist = { url = "https://files.pythonhosted.org/packages/bd/10/767f9c2719c435616141efb3371f6e158f95cdde36a34876ae1d08ba7440/grpcio_reflection-1.76.0.tar.gz", hash = "sha256:e0e7e49921c2ee951e5ddff0bdbacbd1ac1a70888beb61d567f3d01b799decb1", size = 18845, upload-time = "2025-10-21T16:28:57.776Z" }
wheels = [
    { url = "https://files.pythonhosted.org/packages/32/af/6168cf4ff389deed1388b1196281c67cb36dbbf44aaee40e2bfb72ac0202/grpcio_reflection-1.76.0-py3-none-any.whl", hash = "sha256:d7c43f2047a2a9c9320a5905aa7133c677977436b5f63e6a868e507864a11c73", size = 22702, upload-time = "2025-10-21T16:27:40.846Z" },
]

[[package]]
name = "grpcio-tools"
version = "1.76.0"
source = { registry = "https://pypi.org/simple" }
dependencies = [
    { name = "grpcio" },
    { name = "protobuf" },
    { name = "setuptools" },
]
sdist = { url = "https://files.pythonhosted.org/packages/a0/77/17d60d636ccd86a0db0eccc24d02967bbc3eea86b9db7324b04507ebaa40/grpcio_tools-1.76.0.tar.gz", hash = "sha256:ce80169b5e6adf3e8302f3ebb6cb0c3a9f08089133abca4b76ad67f751f5ad88", size = 5390807, upload-time = "2025-10-21T16:26:55.416Z" }
wheels = [
    { url = "https://files.pythonhosted.org/packages/13/01/b16fe73f129df49811d886dc99d3813a33cf4d1c6e101252b81c895e929f/grpcio_tools-1.76.0-cp313-cp313-linux_armv7l.whl", hash = "sha256:ff48969f81858397ef33a36b326f2dbe2053a48b254593785707845db73c8f44", size = 2546312, upload-time = "2025-10-21T16:25:37.138Z" },
    { url = "https://files.pythonhosted.org/packages/25/17/2594c5feb76bb0b25bfbf91ec1075b276e1b2325e4bc7ea649a7b5dbf353/grpcio_tools-1.76.0-cp313-cp313-macosx_11_0_universal2.whl", hash = "sha256:aa2f030fd0ef17926026ee8e2b700e388d3439155d145c568fa6b32693277613", size = 5839627, upload-time = "2025-10-21T16:25:40.082Z" },
    { url = "https://files.pythonhosted.org/packages/c7/c6/097b1aa26fbf72fb3cdb30138a2788529e4f10d8759de730a83f5c06726e/grpcio_tools-1.76.0-cp313-cp313-manylinux2014_aarch64.manylinux_2_17_aarch64.whl", hash = "sha256:bacbf3c54f88c38de8e28f8d9b97c90b76b105fb9ddef05d2c50df01b32b92af", size = 2592817, upload-time = "2025-10-21T16:25:42.301Z" },
    { url = "https://files.pythonhosted.org/packages/03/78/d1d985b48592a674509a85438c1a3d4c36304ddfc99d1b05d27233b51062/grpcio_tools-1.76.0-cp313-cp313-manylinux2014_i686.manylinux_2_17_i686.whl", hash = "sha256:0d4e4afe9a0e3c24fad2f1af45f98cf8700b2bfc4d790795756ba035d2ea7bdc", size = 2905186, upload-time = "2025-10-21T16:25:44.395Z" },
    { url = "https://files.pythonhosted.org/packages/b9/0e/770afbb47f0b5f594b93a7b46a95b892abda5eebe60efb511e96cee52170/grpcio_tools-1.76.0-cp313-cp313-manylinux2014_x86_64.manylinux_2_17_x86_64.whl", hash = "sha256:fbbd4e1fc5af98001ceef5e780e8c10921d94941c3809238081e73818ef707f1", size = 2656188, upload-time = "2025-10-21T16:25:46.942Z" },
    { url = "https://files.pythonhosted.org/packages/3d/2b/017c2fcf4c5d3cf00cf7d5ce21eb88521de0d89bdcf26538ad2862ec6d07/grpcio_tools-1.76.0-cp313-cp313-musllinux_1_2_aarch64.whl", hash = "sha256:b05efe5a59883ab8292d596657273a60e0c3e4f5a9723c32feb9fc3a06f2f3ef", size = 3109141, upload-time = "2025-10-21T16:25:49.137Z" },
    { url = "https://files.pythonhosted.org/packages/e9/5f/2495f88e3d50c6f2c2da2752bad4fa3a30c52ece6c9d8b0c636cd8b1430b/grpcio_tools-1.76.0-cp313-cp313-musllinux_1_2_i686.whl", hash = "sha256:be483b90e62b7892eb71fa1fc49750bee5b2ee35b5ec99dd2b32bed4bedb5d71", size = 3657892, upload-time = "2025-10-21T16:25:52.362Z" },
    { url = "https://files.pythonhosted.org/packages/5e/1d/c4f39d31b19d9baf35d900bf3f969ce1c842f63a8560c8003ed2e5474760/grpcio_tools-1.76.0-cp313-cp313-musllinux_1_2_x86_64.whl", hash = "sha256:630cd7fd3e8a63e20703a7ad816979073c2253e591b5422583c27cae2570de73", size = 3324778, upload-time = "2025-10-21T16:25:54.629Z" },
    { url = "https://files.pythonhosted.org/packages/b4/b6/35ee3a6e4af85a93da28428f81f4b29bcb36f6986b486ad71910fcc02e25/grpcio_tools-1.76.0-cp313-cp313-win32.whl", hash = "sha256:eb2567280f9f6da5444043f0e84d8408c7a10df9ba3201026b30e40ef3814736", size = 993084, upload-time = "2025-10-21T16:25:56.52Z" },
    { url = "https://files.pythonhosted.org/packages/f3/7a/5bd72344d86ee860e5920c9a7553cfe3bc7b1fce79f18c00ac2497f5799f/grpcio_tools-1.76.0-cp313-cp313-win_amd64.whl", hash = "sha256:0071b1c0bd0f5f9d292dca4efab32c92725d418e57f9c60acdc33c0172af8b53", size = 1158151, upload-time = "2025-10-21T16:25:58.468Z" },
    { url = "https://files.pythonhosted.org/packages/f0/c0/aa20eebe8f3553b7851643e9c88d237c3a6ca30ade646897e25dbb27be99/grpcio_tools-1.76.0-cp314-cp314-linux_armv7l.whl", hash = "sha256:c53c5719ef2a435997755abde3826ba4087174bd432aa721d8fac781fcea79e4", size = 2546297, upload-time = "2025-10-21T16:26:01.258Z" },
    { url = "https://files.pythonhosted.org/packages/d9/98/6af702804934443c1d0d4d27d21b990d92d22ddd1b6bec6b056558cbbffa/grpcio_tools-1.76.0-cp314-cp314-macosx_11_0_universal2.whl", hash = "sha256:e3db1300d7282264639eeee7243f5de7e6a7c0283f8bf05d66c0315b7b0f0b36", size = 5839804, upload-time = "2025-10-21T16:26:05.495Z" },
    { url = "https://files.pythonhosted.org/packages/ea/8d/7725fa7b134ef8405ffe0a37c96eeb626e5af15d70e1bdac4f8f1abf842e/grpcio_tools-1.76.0-cp314-cp314-manylinux2014_aarch64.manylinux_2_17_aarch64.whl", hash = "sha256:0b018a4b7455a7e8c16d0fdb3655a6ba6c9536da6de6c5d4f11b6bb73378165b", size = 2593922, upload-time = "2025-10-21T16:26:07.563Z" },
    { url = "https://files.pythonhosted.org/packages/de/ff/5b6b5012c79fa72f9107dc13f7226d9ce7e059ea639fd8c779e0dd284386/grpcio_tools-1.76.0-cp314-cp314-manylinux2014_i686.manylinux_2_17_i686.whl", hash = "sha256:ec6e4de3866e47cfde56607b1fae83ecc5aa546e06dec53de11f88063f4b5275", size = 2905327, upload-time = "2025-10-21T16:26:09.668Z" },
    { url = "https://files.pythonhosted.org/packages/24/01/2691d369ea462cd6b6c92544122885ca01f7fa5ac75dee023e975e675858/grpcio_tools-1.76.0-cp314-cp314-manylinux2014_x86_64.manylinux_2_17_x86_64.whl", hash = "sha256:b8da4d828883913f1852bdd67383713ae5c11842f6c70f93f31893eab530aead", size = 2656214, upload-time = "2025-10-21T16:26:11.773Z" },
    { url = "https://files.pythonhosted.org/packages/6a/e7/3f8856e6ec3dd492336a91572993344966f237b0e3819fbe96437b19d313/grpcio_tools-1.76.0-cp314-cp314-musllinux_1_2_aarch64.whl", hash = "sha256:5c120c2cf4443121800e7f9bcfe2e94519fa25f3bb0b9882359dd3b252c78a7b", size = 3109889, upload-time = "2025-10-21T16:26:15.058Z" },
    { url = "https://files.pythonhosted.org/packages/f3/e4/ce5248072e47db276dc7e069e93978dcde490c959788ce7cce8081d0bfdc/grpcio_tools-1.76.0-cp314-cp314-musllinux_1_2_i686.whl", hash = "sha256:8b7df5591d699cd9076065f1f15049e9c3597e0771bea51c8c97790caf5e4197", size = 3657939, upload-time = "2025-10-21T16:26:17.34Z" },
    { url = "https://files.pythonhosted.org/packages/f6/df/81ff88af93c52135e425cd5ec9fe8b186169c7d5f9e0409bdf2bbedc3919/grpcio_tools-1.76.0-cp314-cp314-musllinux_1_2_x86_64.whl", hash = "sha256:a25048c5f984d33e3f5b6ad7618e98736542461213ade1bd6f2fcfe8ce804e3d", size = 3324752, upload-time = "2025-10-21T16:26:20.092Z" },
    { url = "https://files.pythonhosted.org/packages/35/3d/f6b83044afbf6522254a3b509515a00fed16a819c87731a478dbdd1d35c1/grpcio_tools-1.76.0-cp314-cp314-win32.whl", hash = "sha256:4b77ce6b6c17869858cfe14681ad09ed3a8a80e960e96035de1fd87f78158740", size = 1015578, upload-time = "2025-10-21T16:26:22.517Z" },
    { url = "https://files.pythonhosted.org/packages/95/4d/31236cddb7ffb09ba4a49f4f56d2608fec3bbb21c7a0a975d93bca7cd22e/grpcio_tools-1.76.0-cp314-cp314-win_amd64.whl", hash = "sha256:2ccd2c8d041351cc29d0fc4a84529b11ee35494a700b535c1f820b642f2a72fc", size = 1190242, upload-time = "2025-10-21T16:26:25.296Z" },
]

[[package]]
name = "protobuf"
version = "6.33.1"
source = { registry = "https://pypi.org/simple" }
sdist = { url = "https://files.pythonhosted.org/packages/0a/03/a1440979a3f74f16cab3b75b0da1a1a7f922d56a8ddea96092391998edc0/protobuf-6.33.1.tar.gz", hash = "sha256:97f65757e8d09870de6fd973aeddb92f85435607235d20b2dfed93405d00c85b", size = 443432, upload-time = "2025-11-13T16:44:18.895Z" }
wheels = [
    { url = "https://files.pythonhosted.org/packages/06/f1/446a9bbd2c60772ca36556bac8bfde40eceb28d9cc7838755bc41e001d8f/protobuf-6.33.1-cp310-abi3-win32.whl", hash = "sha256:f8d3fdbc966aaab1d05046d0240dd94d40f2a8c62856d41eaa141ff64a79de6b", size = 425593, upload-time = "2025-11-13T16:44:06.275Z" },
    { url = "https://files.pythonhosted.org/packages/a6/79/8780a378c650e3df849b73de8b13cf5412f521ca2ff9b78a45c247029440/protobuf-6.33.1-cp310-abi3-win_amd64.whl", hash = "sha256:923aa6d27a92bf44394f6abf7ea0500f38769d4b07f4be41cb52bd8b1123b9ed", size = 436883, upload-time = "2025-11-13T16:44:09.222Z" },
    { url = "https://files.pythonhosted.org/packages/cd/93/26213ff72b103ae55bb0d73e7fb91ea570ef407c3ab4fd2f1f27cac16044/protobuf-6.33.1-cp39-abi3-macosx_10_9_universal2.whl", hash = "sha256:fe34575f2bdde76ac429ec7b570235bf0c788883e70aee90068e9981806f2490", size = 427522, upload-time = "2025-11-13T16:44:10.475Z" },
    { url = "https://files.pythonhosted.org/packages/c2/32/df4a35247923393aa6b887c3b3244a8c941c32a25681775f96e2b418f90e/protobuf-6.33.1-cp39-abi3-manylinux2014_aarch64.whl", hash = "sha256:f8adba2e44cde2d7618996b3fc02341f03f5bc3f2748be72dc7b063319276178", size = 324445, upload-time = "2025-11-13T16:44:11.869Z" },
    { url = "https://files.pythonhosted.org/packages/8e/d0/d796e419e2ec93d2f3fa44888861c3f88f722cde02b7c3488fcc6a166820/protobuf-6.33.1-cp39-abi3-manylinux2014_s390x.whl", hash = "sha256:0f4cf01222c0d959c2b399142deb526de420be8236f22c71356e2a544e153c53", size = 339161, upload-time = "2025-11-13T16:44:12.778Z" },
    { url = "https://files.pythonhosted.org/packages/1d/2a/3c5f05a4af06649547027d288747f68525755de692a26a7720dced3652c0/protobuf-6.33.1-cp39-abi3-manylinux2014_x86_64.whl", hash = "sha256:8fd7d5e0eb08cd5b87fd3df49bc193f5cfd778701f47e11d127d0afc6c39f1d1", size = 323171, upload-time = "2025-11-13T16:44:14.035Z" },
    { url = "https://files.pythonhosted.org/packages/08/b4/46310463b4f6ceef310f8348786f3cff181cea671578e3d9743ba61a459e/protobuf-6.33.1-py3-none-any.whl", hash = "sha256:d595a9fd694fdeb061a62fbe10eb039cc1e444df81ec9bb70c7fc59ebcb1eafa", size = 170477, upload-time = "2025-11-13T16:44:17.633Z" },
]

[[package]]
name = "pyrefly"
version = "0.42.3"
source = { registry = "https://pypi.org/simple" }
sdist = { url = "https://files.pythonhosted.org/packages/76/05/5ba1c4b2a935ddacbe42668f5357ca76ffb8f7b1b80361bf2c41d437cbfc/pyrefly-0.42.3.tar.gz", hash = "sha256:8ade8e2eeb6c0321c73be6d23d94ff652332939f89480d555af9081232490042", size = 3873243, upload-time = "2025-11-21T22:19:24.044Z" }
wheels = [
    { url = "https://files.pythonhosted.org/packages/f3/e1/7a1f7a7b25c1e26c5d06a6540f68dc313496fcde193abc0d46a21ebdacd4/pyrefly-0.42.3-py3-none-macosx_10_12_x86_64.whl", hash = "sha256:c229ee029ddf6cb9c3ae0f8791ace7ee1ae3a79c0c41e1ddb5b0108c4da0a488", size = 9760264, upload-time = "2025-11-21T22:19:06.845Z" },
    { url = "https://files.pythonhosted.org/packages/f6/63/40c827933b9cfa1cea79ccbad2ba8aafe35d09a244044437ce957cfc6937/pyrefly-0.42.3-py3-none-macosx_11_0_arm64.whl", hash = "sha256:95a137f7f2abc9f8446154423a1c9083203b9ec1b2fe4bec8d222dc9742b1c68", size = 9369163, upload-time = "2025-11-21T22:19:08.929Z" },
    { url = "https://files.pythonhosted.org/packages/c1/e8/3951cbd4c809689c57c3fcbccbd14c628d577406f7590389ae622fa58355/pyrefly-0.42.3-py3-none-manylinux_2_17_aarch64.manylinux2014_aarch64.whl", hash = "sha256:1b850e528275ed1c155f109b6710c10ffa707b11d11ce0b2583b8f000247a587", size = 9607219, upload-time = "2025-11-21T22:19:10.861Z" },
    { url = "https://files.pythonhosted.org/packages/37/e7/cb6fcabea99cce866ff34e4dfd89542ea526deb801139ec621df5769dd77/pyrefly-0.42.3-py3-none-manylinux_2_17_i686.manylinux2014_i686.whl", hash = "sha256:9d1131731b55413947d25354f82993bdfd531ec44a53536d16e623aa310f17e0", size = 10441159, upload-time = "2025-11-21T22:19:13.024Z" },
    { url = "https://files.pythonhosted.org/packages/1e/0f/1731adc52cf96c6422017ca00c9ce6e57efb594580252a752ed54aa1cc8c/pyrefly-0.42.3-py3-none-manylinux_2_17_x86_64.manylinux2014_x86_64.whl", hash = "sha256:39bc7bb1f435bcdfc860126528ac7059669df659ca1fcd7cfbc6ea0f42c8b312", size = 10063842, upload-time = "2025-11-21T22:19:15.223Z" },
    { url = "https://files.pythonhosted.org/packages/ce/d4/ca1a1cf2e23ecf7b0c763367540efdfe909fc160d6f346dc9074e68ca2e2/pyrefly-0.42.3-py3-none-win32.whl", hash = "sha256:36e9977a77c2a1a334cbaa8cb442fa3ffcb54ee42ebf269b8ba987efd84398f9", size = 9537003, upload-time = "2025-11-21T22:19:17.553Z" },
    { url = "https://files.pythonhosted.org/packages/44/68/303b4bdf3c54bcad9b0691ffeac8d342cc25e227f72dab1fd1b219f13ec8/pyrefly-0.42.3-py3-none-win_amd64.whl", hash = "sha256:99a3fa6e67083b9687e00d34ef4fdb4e990f27cc2808f51140243d6e0daa19be", size = 10160182, upload-time = "2025-11-21T22:19:19.723Z" },
    { url = "https://files.pythonhosted.org/packages/44/2f/a0e94ed2683b917c9b3e48503d62ecfcc525d36fc549b8b9c6fc86ac5b12/pyrefly-0.42.3-py3-none-win_arm64.whl", hash = "sha256:cbac47a6c8f7741dd42178a39732609afa5e99e8303adca24a77603e18954ed4", size = 9763227, upload-time = "2025-11-21T22:19:21.814Z" },
]

[[package]]
name = "ruff"
version = "0.14.6"
source = { registry = "https://pypi.org/simple" }
sdist = { url = "https://files.pythonhosted.org/packages/52/f0/62b5a1a723fe183650109407fa56abb433b00aa1c0b9ba555f9c4efec2c6/ruff-0.14.6.tar.gz", hash = "sha256:6f0c742ca6a7783a736b867a263b9a7a80a45ce9bee391eeda296895f1b4e1cc", size = 5669501, upload-time = "2025-11-21T14:26:17.903Z" }
wheels = [
    { url = "https://files.pythonhosted.org/packages/67/d2/7dd544116d107fffb24a0064d41a5d2ed1c9d6372d142f9ba108c8e39207/ruff-0.14.6-py3-none-linux_armv6l.whl", hash = "sha256:d724ac2f1c240dbd01a2ae98db5d1d9a5e1d9e96eba999d1c48e30062df578a3", size = 13326119, upload-time = "2025-11-21T14:25:24.2Z" },
    { url = "https://files.pythonhosted.org/packages/36/6a/ad66d0a3315d6327ed6b01f759d83df3c4d5f86c30462121024361137b6a/ruff-0.14.6-py3-none-macosx_10_12_x86_64.whl", hash = "sha256:9f7539ea257aa4d07b7ce87aed580e485c40143f2473ff2f2b75aee003186004", size = 13526007, upload-time = "2025-11-21T14:25:26.906Z" },
    { url = "https://files.pythonhosted.org/packages/a3/9d/dae6db96df28e0a15dea8e986ee393af70fc97fd57669808728080529c37/ruff-0.14.6-py3-none-macosx_11_0_arm64.whl", hash = "sha256:7f6007e55b90a2a7e93083ba48a9f23c3158c433591c33ee2e99a49b889c6332", size = 12676572, upload-time = "2025-11-21T14:25:29.826Z" },
    { url = "https://files.pythonhosted.org/packages/76/a4/f319e87759949062cfee1b26245048e92e2acce900ad3a909285f9db1859/ruff-0.14.6-py3-none-manylinux_2_17_aarch64.manylinux2014_aarch64.whl", hash = "sha256:0a8e7b9d73d8728b68f632aa8e824ef041d068d231d8dbc7808532d3629a6bef", size = 13140745, upload-time = "2025-11-21T14:25:32.788Z" },
    { url = "https://files.pythonhosted.org/packages/95/d3/248c1efc71a0a8ed4e8e10b4b2266845d7dfc7a0ab64354afe049eaa1310/ruff-0.14.6-py3-none-manylinux_2_17_armv7l.manylinux2014_armv7l.whl", hash = "sha256:d50d45d4553a3ebcbd33e7c5e0fe6ca4aafd9a9122492de357205c2c48f00775", size = 13076486, upload-time = "2025-11-21T14:25:35.601Z" },
    { url = "https://files.pythonhosted.org/packages/a5/19/b68d4563fe50eba4b8c92aa842149bb56dd24d198389c0ed12e7faff4f7d/ruff-0.14.6-py3-none-manylinux_2_17_i686.manylinux2014_i686.whl", hash = "sha256:118548dd121f8a21bfa8ab2c5b80e5b4aed67ead4b7567790962554f38e598ce", size = 13727563, upload-time = "2025-11-21T14:25:38.514Z" },
    { url = "https://files.pythonhosted.org/packages/47/ac/943169436832d4b0e867235abbdb57ce3a82367b47e0280fa7b4eabb7593/ruff-0.14.6-py3-none-manylinux_2_17_ppc64.manylinux2014_ppc64.whl", hash = "sha256:57256efafbfefcb8748df9d1d766062f62b20150691021f8ab79e2d919f7c11f", size = 15199755, upload-time = "2025-11-21T14:25:41.516Z" },
    { url = "https://files.pythonhosted.org/packages/c9/b9/288bb2399860a36d4bb0541cb66cce3c0f4156aaff009dc8499be0c24bf2/ruff-0.14.6-py3-none-manylinux_2_17_ppc64le.manylinux2014_ppc64le.whl", hash = "sha256:ff18134841e5c68f8e5df1999a64429a02d5549036b394fafbe410f886e1989d", size = 14850608, upload-time = "2025-11-21T14:25:44.428Z" },
    { url = "https://files.pythonhosted.org/packages/ee/b1/a0d549dd4364e240f37e7d2907e97ee80587480d98c7799d2d8dc7a2f605/ruff-0.14.6-py3-none-manylinux_2_17_s390x.manylinux2014_s390x.whl", hash = "sha256:29c4b7ec1e66a105d5c27bd57fa93203637d66a26d10ca9809dc7fc18ec58440", size = 14118754, upload-time = "2025-11-21T14:25:47.214Z" },
    { url = "https://files.pythonhosted.org/packages/13/ac/9b9fe63716af8bdfddfacd0882bc1586f29985d3b988b3c62ddce2e202c3/ruff-0.14.6-py3-none-manylinux_2_17_x86_64.manylinux2014_x86_64.whl", hash = "sha256:167843a6f78680746d7e226f255d920aeed5e4ad9c03258094a2d49d3028b105", size = 13949214, upload-time = "2025-11-21T14:25:50.002Z" },
    { url = "https://files.pythonhosted.org/packages/12/27/4dad6c6a77fede9560b7df6802b1b697e97e49ceabe1f12baf3ea20862e9/ruff-0.14.6-py3-none-manylinux_2_31_riscv64.whl", hash = "sha256:16a33af621c9c523b1ae006b1b99b159bf5ac7e4b1f20b85b2572455018e0821", size = 14106112, upload-time = "2025-11-21T14:25:52.841Z" },
    { url = "https://files.pythonhosted.org/packages/6a/db/23e322d7177873eaedea59a7932ca5084ec5b7e20cb30f341ab594130a71/ruff-0.14.6-py3-none-musllinux_1_2_aarch64.whl", hash = "sha256:1432ab6e1ae2dc565a7eea707d3b03a0c234ef401482a6f1621bc1f427c2ff55", size = 13035010, upload-time = "2025-11-21T14:25:55.536Z" },
    { url = "https://files.pythonhosted.org/packages/a8/9c/20e21d4d69dbb35e6a1df7691e02f363423658a20a2afacf2a2c011800dc/ruff-0.14.6-py3-none-musllinux_1_2_armv7l.whl", hash = "sha256:4c55cfbbe7abb61eb914bfd20683d14cdfb38a6d56c6c66efa55ec6570ee4e71", size = 13054082, upload-time = "2025-11-21T14:25:58.625Z" },
    { url = "https://files.pythonhosted.org/packages/66/25/906ee6a0464c3125c8d673c589771a974965c2be1a1e28b5c3b96cb6ef88/ruff-0.14.6-py3-none-musllinux_1_2_i686.whl", hash = "sha256:efea3c0f21901a685fff4befda6d61a1bf4cb43de16da87e8226a281d614350b", size = 13303354, upload-time = "2025-11-21T14:26:01.816Z" },
    { url = "https://files.pythonhosted.org/packages/4c/58/60577569e198d56922b7ead07b465f559002b7b11d53f40937e95067ca1c/ruff-0.14.6-py3-none-musllinux_1_2_x86_64.whl", hash = "sha256:344d97172576d75dc6afc0e9243376dbe1668559c72de1864439c4fc95f78185", size = 14054487, upload-time = "2025-11-21T14:26:05.058Z" },
    { url = "https://files.pythonhosted.org/packages/67/0b/8e4e0639e4cc12547f41cb771b0b44ec8225b6b6a93393176d75fe6f7d40/ruff-0.14.6-py3-none-win32.whl", hash = "sha256:00169c0c8b85396516fdd9ce3446c7ca20c2a8f90a77aa945ba6b8f2bfe99e85", size = 13013361, upload-time = "2025-11-21T14:26:08.152Z" },
    { url = "https://files.pythonhosted.org/packages/fb/02/82240553b77fd1341f80ebb3eaae43ba011c7a91b4224a9f317d8e6591af/ruff-0.14.6-py3-none-win_amd64.whl", hash = "sha256:390e6480c5e3659f8a4c8d6a0373027820419ac14fa0d2713bd8e6c3e125b8b9", size = 14432087, upload-time = "2025-11-21T14:26:10.891Z" },
    { url = "https://files.pythonhosted.org/packages/a5/1f/93f9b0fad9470e4c829a5bb678da4012f0c710d09331b860ee555216f4ea/ruff-0.14.6-py3-none-win_arm64.whl", hash = "sha256:d43c81fbeae52cfa8728d8766bbf46ee4298c888072105815b392da70ca836b2", size = 13520930, upload-time = "2025-11-21T14:26:13.951Z" },
]

[[package]]
name = "setuptools"
version = "80.9.0"
source = { registry = "https://pypi.org/simple" }
sdist = { url = "https://files.pythonhosted.org/packages/18/5d/3bf57dcd21979b887f014ea83c24ae194cfcd12b9e0fda66b957c69d1fca/setuptools-80.9.0.tar.gz", hash = "sha256:f36b47402ecde768dbfafc46e8e4207b4360c654f1f3bb84475f0a28628fb19c", size = 1319958, upload-time = "2025-05-27T00:56:51.443Z" }
wheels = [
    { url = "https://files.pythonhosted.org/packages/a3/dc/17031897dae0efacfea57dfd3a82fdd2a2aeb58e0ff71b77b87e44edc772/setuptools-80.9.0-py3-none-any.whl", hash = "sha256:062d34222ad13e0cc312a4c02d73f059e86a4acbfbdea8f8f76b28c99f306922", size = 1201486, upload-time = "2025-05-27T00:56:49.664Z" },
]

[[package]]
name = "src"
version = "0.1.0"
source = { virtual = "." }
dependencies = [
    { name = "grpcio" },
    { name = "grpcio-reflection" },
    { name = "grpcio-tools" },
    { name = "pyrefly" },
    { name = "ruff" },
]

[package.metadata]
requires-dist = [
    { name = "grpcio", specifier = ">=1.76.0" },
    { name = "grpcio-reflection", specifier = ">=1.76.0" },
    { name = "grpcio-tools", specifier = ">=1.76.0" },
    { name = "pyrefly", specifier = ">=0.42.3" },
    { name = "ruff", specifier = ">=0.14.6" },
]

[[package]]
name = "typing-extensions"
version = "4.15.0"
source = { registry = "https://pypi.org/simple" }
sdist = { url = "https://files.pythonhosted.org/packages/72/94/1a15dd82efb362ac84269196e94cf00f187f7ed21c242792a923cdb1c61f/typing_extensions-4.15.0.tar.gz", hash = "sha256:0cea48d173cc12fa28ecabc3b837ea3cf6f38c6d1136f85cbaaf598984861466", size = 109391, upload-time = "2025-08-25T13:49:26.313Z" }
wheels = [
    { url = "https://files.pythonhosted.org/packages/18/67/36e9267722cc04a6b9f15c7f3441c2363321a3ea07da7ae0c0707beb2a9c/typing_extensions-4.15.0-py3-none-any.whl", hash = "sha256:f0fa19c6845758ab08074a0cfa8b7aecb71c999ca73d62883bc25cc018c4e548", size = 44614, upload-time = "2025-08-25T13:49:24.86Z" },
]
